
Microsoft Visual Studio Solution File, Format Version 12.00
# Visual Studio Version 17
VisualStudioVersion = 17.9.34728.123
MinimumVisualStudioVersion = 10.0.40219.1
Project("{FAE04EC0-301F-11D3-BF4B-00C04F79EFBC}") = "Serializacion", "Serializacion\Serializacion.csproj", "{F811B3DD-C7AD-436C-8208-50ED2018C8C3}"
EndProject
Global
	GlobalSection(SolutionConfigurationPlatforms) = preSolution
		Debug|Any CPU = Debug|Any CPU
		Release|Any CPU = Release|Any CPU
	EndGlobalSection
	GlobalSection(ProjectConfigurationPlatforms) = postSolution
		{F811B3DD-C7AD-436C-8208-50ED2018C8C3}.Debug|Any CPU.ActiveCfg = Debug|Any CPU
		{F811B3DD-C7AD-436C-8208-50ED2018C8C3}.Debug|Any CPU.Build.0 = Debug|Any CPU
		{F811B3DD-C7AD-436C-8208-50ED2018C8C3}.Release|Any CPU.ActiveCfg = Release|Any CPU
		{F811B3DD-C7AD-436C-8208-50ED2018C8C3}.Release|Any CPU.Build.0 = Release|Any CPU
	EndGlobalSection
	GlobalSection(SolutionProperties) = preSolution
		HideSolutionNode = FALSE
	EndGlobalSection
	GlobalSection(ExtensibilityGlobals) = postSolution
		SolutionGuid = {7167BA45-A9C3-44A0-8821-ECB2CD599974}
	EndGlobalSection
EndGlobal
